Microsoft Visual Studio Solution File, Format Version 12.00
# Visual Studio Version 16
VisualStudioVersion = 16.0.0.0
MinimumVisualStudioVersion = 16.0.0.0
Project("{9A19103F-16F7-4668-BE54-9A1E7A4F7556}") = "TaskManagementSystem.Server", "TaskManagementSystem.Server\TaskManagementSystem.Server.csproj", "{9DEEAF07-54A3-469B-820E-8CF9EA836378}"
EndProject
Project("{9A19103F-16F7-4668-BE54-9A1E7A4F7556}") = "TaskManagementSystem.Client", "TaskManagementSystem.Client\TaskManagementSystem.Client.csproj", "{32314CCA-DC84-41B7-8176-51D6B95C6580}"
EndProject
Project("{9A19103F-16F7-4668-BE54-9A1E7A4F7556}") = "TaskManagementSystem.Shared.Models", "TaskManagementSystem.Shared.Models\TaskManagementSystem.Shared.Models.csproj", "{C4ABB6BF-5E81-46D1-813C-5818774E409A}"
EndProject
Project("{FAE04EC0-301F-11D3-BF4B-00C04F79EFBC}") = "TaskManagementSystem.Shared.Helpers", "TaskManagementSystem.Shared.Helpers\TaskManagementSystem.Shared.Helpers.csproj", "{22C7155E-5D34-40ED-9012-F4F4BA79F27F}"
EndProject
Project("{FAE04EC0-301F-11D3-BF4B-00C04F79EFBC}") = "TaskManagementSystem.BusinessLogic", "TaskManagementSystem.BusinessLogic\TaskManagementSystem.BusinessLogic.csproj", "{A3211307-DFED-42E6-B766-BC995FA427F1}"
EndProject
Project("{FAE04EC0-301F-11D3-BF4B-00C04F79EFBC}") = "TaskManagementSystem.BusinessLogic.Models", "TaskManagementSystem.BusinessLogic.Models\TaskManagementSystem.BusinessLogic.Models.csproj", "{70548C36-717C-4082-BDE0-AC0C2A6744A7}"
EndProject
Global
	GlobalSection(SolutionConfigurationPlatforms) = preSolution
		Debug|Any CPU = Debug|Any CPU
		Debug|x64 = Debug|x64
		Debug|x86 = Debug|x86
		Release|Any CPU = Release|Any CPU
		Release|x64 = Release|x64
		Release|x86 = Release|x86
	EndGlobalSection
	GlobalSection(ProjectConfigurationPlatforms) = postSolution
		{32314CCA-DC84-41B7-8176-51D6B95C6580}.Debug|Any CPU.ActiveCfg = Debug|Any CPU
		{32314CCA-DC84-41B7-8176-51D6B95C6580}.Debug|Any CPU.Build.0 = Debug|Any CPU
		{32314CCA-DC84-41B7-8176-51D6B95C6580}.Debug|x64.ActiveCfg = Debug|Any CPU
		{32314CCA-DC84-41B7-8176-51D6B95C6580}.Debug|x64.Build.0 = Debug|Any CPU
		{32314CCA-DC84-41B7-8176-51D6B95C6580}.Debug|x86.ActiveCfg = Debug|Any CPU
		{32314CCA-DC84-41B7-8176-51D6B95C6580}.Debug|x86.Build.0 = Debug|Any CPU
		{32314CCA-DC84-41B7-8176-51D6B95C6580}.Release|Any CPU.ActiveCfg = Release|Any CPU
		{32314CCA-DC84-41B7-8176-51D6B95C6580}.Release|Any CPU.Build.0 = Release|Any CPU
		{32314CCA-DC84-41B7-8176-51D6B95C6580}.Release|x64.ActiveCfg = Release|Any CPU
		{32314CCA-DC84-41B7-8176-51D6B95C6580}.Release|x64.Build.0 = Release|Any CPU
		{32314CCA-DC84-41B7-8176-51D6B95C6580}.Release|x86.ActiveCfg = Release|Any CPU
		{32314CCA-DC84-41B7-8176-51D6B95C6580}.Release|x86.Build.0 = Release|Any CPU
		{9DEEAF07-54A3-469B-820E-8CF9EA836378}.Debug|Any CPU.ActiveCfg = Debug|Any CPU
		{9DEEAF07-54A3-469B-820E-8CF9EA836378}.Debug|Any CPU.Build.0 = Debug|Any CPU
		{9DEEAF07-54A3-469B-820E-8CF9EA836378}.Debug|x64.ActiveCfg = Debug|Any CPU
		{9DEEAF07-54A3-469B-820E-8CF9EA836378}.Debug|x64.Build.0 = Debug|Any CPU
		{9DEEAF07-54A3-469B-820E-8CF9EA836378}.Debug|x86.ActiveCfg = Debug|Any CPU
		{9DEEAF07-54A3-469B-820E-8CF9EA836378}.Debug|x86.Build.0 = Debug|Any CPU
		{9DEEAF07-54A3-469B-820E-8CF9EA836378}.Release|Any CPU.ActiveCfg = Release|Any CPU
		{9DEEAF07-54A3-469B-820E-8CF9EA836378}.Release|Any CPU.Build.0 = Release|Any CPU
		{9DEEAF07-54A3-469B-820E-8CF9EA836378}.Release|x64.ActiveCfg = Release|Any CPU
		{9DEEAF07-54A3-469B-820E-8CF9EA836378}.Release|x64.Build.0 = Release|Any CPU
		{9DEEAF07-54A3-469B-820E-8CF9EA836378}.Release|x86.ActiveCfg = Release|Any CPU
		{9DEEAF07-54A3-469B-820E-8CF9EA836378}.Release|x86.Build.0 = Release|Any CPU
		{C4ABB6BF-5E81-46D1-813C-5818774E409A}.Debug|Any CPU.ActiveCfg = Debug|Any CPU
		{C4ABB6BF-5E81-46D1-813C-5818774E409A}.Debug|Any CPU.Build.0 = Debug|Any CPU
		{C4ABB6BF-5E81-46D1-813C-5818774E409A}.Debug|x64.ActiveCfg = Debug|Any CPU
		{C4ABB6BF-5E81-46D1-813C-5818774E409A}.Debug|x64.Build.0 = Debug|Any CPU
		{C4ABB6BF-5E81-46D1-813C-5818774E409A}.Debug|x86.ActiveCfg = Debug|Any CPU
		{C4ABB6BF-5E81-46D1-813C-5818774E409A}.Debug|x86.Build.0 = Debug|Any CPU
		{C4ABB6BF-5E81-46D1-813C-5818774E409A}.Release|Any CPU.ActiveCfg = Release|Any CPU
		{C4ABB6BF-5E81-46D1-813C-5818774E409A}.Release|Any CPU.Build.0 = Release|Any CPU
		{C4ABB6BF-5E81-46D1-813C-5818774E409A}.Release|x64.ActiveCfg = Release|Any CPU
		{C4ABB6BF-5E81-46D1-813C-5818774E409A}.Release|x64.Build.0 = Release|Any CPU
		{C4ABB6BF-5E81-46D1-813C-5818774E409A}.Release|x86.ActiveCfg = Release|Any CPU
		{C4ABB6BF-5E81-46D1-813C-5818774E409A}.Release|x86.Build.0 = Release|Any CPU
		{22C7155E-5D34-40ED-9012-F4F4BA79F27F}.Debug|Any CPU.ActiveCfg = Debug|Any CPU
		{22C7155E-5D34-40ED-9012-F4F4BA79F27F}.Debug|Any CPU.Build.0 = Debug|Any CPU
		{22C7155E-5D34-40ED-9012-F4F4BA79F27F}.Debug|x64.ActiveCfg = Debug|Any CPU
		{22C7155E-5D34-40ED-9012-F4F4BA79F27F}.Debug|x64.Build.0 = Debug|Any CPU
		{22C7155E-5D34-40ED-9012-F4F4BA79F27F}.Debug|x86.ActiveCfg = Debug|Any CPU
		{22C7155E-5D34-40ED-9012-F4F4BA79F27F}.Debug|x86.Build.0 = Debug|Any CPU
		{22C7155E-5D34-40ED-9012-F4F4BA79F27F}.Release|Any CPU.ActiveCfg = Release|Any CPU
		{22C7155E-5D34-40ED-9012-F4F4BA79F27F}.Release|Any CPU.Build.0 = Release|Any CPU
		{22C7155E-5D34-40ED-9012-F4F4BA79F27F}.Release|x64.ActiveCfg = Release|Any CPU
		{22C7155E-5D34-40ED-9012-F4F4BA79F27F}.Release|x64.Build.0 = Release|Any CPU
		{22C7155E-5D34-40ED-9012-F4F4BA79F27F}.Release|x86.ActiveCfg = Release|Any CPU
		{22C7155E-5D34-40ED-9012-F4F4BA79F27F}.Release|x86.Build.0 = Release|Any CPU
		{A3211307-DFED-42E6-B766-BC995FA427F1}.Debug|Any CPU.ActiveCfg = Debug|Any CPU
		{A3211307-DFED-42E6-B766-BC995FA427F1}.Debug|Any CPU.Build.0 = Debug|Any CPU
		{A3211307-DFED-42E6-B766-BC995FA427F1}.Debug|x64.ActiveCfg = Debug|Any CPU
		{A3211307-DFED-42E6-B766-BC995FA427F1}.Debug|x64.Build.0 = Debug|Any CPU
		{A3211307-DFED-42E6-B766-BC995FA427F1}.Debug|x86.ActiveCfg = Debug|Any CPU
		{A3211307-DFED-42E6-B766-BC995FA427F1}.Debug|x86.Build.0 = Debug|Any CPU
		{A3211307-DFED-42E6-B766-BC995FA427F1}.Release|Any CPU.ActiveCfg = Release|Any CPU
		{A3211307-DFED-42E6-B766-BC995FA427F1}.Release|Any CPU.Build.0 = Release|Any CPU
		{A3211307-DFED-42E6-B766-BC995FA427F1}.Release|x64.ActiveCfg = Release|Any CPU
		{A3211307-DFED-42E6-B766-BC995FA427F1}.Release|x64.Build.0 = Release|Any CPU
		{A3211307-DFED-42E6-B766-BC995FA427F1}.Release|x86.ActiveCfg = Release|Any CPU
		{A3211307-DFED-42E6-B766-BC995FA427F1}.Release|x86.Build.0 = Release|Any CPU
		{70548C36-717C-4082-BDE0-AC0C2A6744A7}.Debug|Any CPU.ActiveCfg = Debug|Any CPU
		{70548C36-717C-4082-BDE0-AC0C2A6744A7}.Debug|Any CPU.Build.0 = Debug|Any CPU
		{70548C36-717C-4082-BDE0-AC0C2A6744A7}.Debug|x64.ActiveCfg = Debug|Any CPU
		{70548C36-717C-4082-BDE0-AC0C2A6744A7}.Debug|x64.Build.0 = Debug|Any CPU
		{70548C36-717C-4082-BDE0-AC0C2A6744A7}.Debug|x86.ActiveCfg = Debug|Any CPU
		{70548C36-717C-4082-BDE0-AC0C2A6744A7}.Debug|x86.Build.0 = Debug|Any CPU
		{70548C36-717C-4082-BDE0-AC0C2A6744A7}.Release|Any CPU.ActiveCfg = Release|Any CPU
		{70548C36-717C-4082-BDE0-AC0C2A6744A7}.Release|Any CPU.Build.0 = Release|Any CPU
		{70548C36-717C-4082-BDE0-AC0C2A6744A7}.Release|x64.ActiveCfg = Release|Any CPU
		{70548C36-717C-4082-BDE0-AC0C2A6744A7}.Release|x64.Build.0 = Release|Any CPU
		{70548C36-717C-4082-BDE0-AC0C2A6744A7}.Release|x86.ActiveCfg = Release|Any CPU
		{70548C36-717C-4082-BDE0-AC0C2A6744A7}.Release|x86.Build.0 = Release|Any CPU
	EndGlobalSection
	GlobalSection(SolutionProperties) = preSolution
		HideSolutionNode = FALSE
	EndGlobalSection
	GlobalSection(ExtensibilityGlobals) = postSolution
		SolutionGuid = {F7489703-514A-428C-945F-2E24EDB6CB83}
	EndGlobalSection
EndGlobal
